{
  "nodes": {
    "nixpkgs": {
      "locked": {
        "lastModified": 1725276169,
        "narHash": "sha256-ghHL09zFzM+W2T7Qw/5KpK6SiZG/tWyqYwPeSFrtLBE=",
        "owner": "NixOS",
        "repo": "nixpkgs",
        "rev": "51b45dc262830ab95c7b9b039bb4f911d4b2509b",
        "type": "github"
      },
      "original": {
        "owner": "NixOS",
        "ref": "nixpkgs-unstable",
        "repo": "nixpkgs",
        "type": "github"
      }
    },
    "root": {
      "inputs": {
        "nixpkgs": "nixpkgs",
        "zmk-nix": "zmk-nix"
      }
    },
    "zmk-nix": {
      "inputs": {
        "nixpkgs": [
          "nixpkgs"
        ]
      },
      "locked": {
        "lastModified": 1725387674,
        "narHash": "sha256-I5Bp/BpOn/VuynCtGZFKO3AVO6hqPDtPENGjxGRJcok=",
        "owner": "lilyinstarlight",
        "repo": "zmk-nix",
        "rev": "32e6611e928aac3557b23300bcee4d1967dcdcaf",
        "type": "github"
      },
      "original": {
        "owner": "lilyinstarlight",
        "repo": "zmk-nix",
        "type": "github"
      }
    }
  },
  "root": "root",
  "version": 7
}
